
Microsoft Visual Studio Solution File, Format Version 12.00
# Visual Studio Version 16
VisualStudioVersion = 16.0.29424.173
MinimumVisualStudioVersion = 10.0.40219.1
Project("{FAE04EC0-301F-11D3-BF4B-00C04F79EFBC}") = "Crud_With_DbFirst_StoreProcedure", "Crud_With_DbFirst_StoreProcedure\Crud_With_DbFirst_StoreProcedure.csproj", "{22394439-0B7B-4DBC-AB03-F46D7174DDCB}"
EndProject
Global
	GlobalSection(SolutionConfigurationPlatforms) = preSolution
		Debug|Any CPU = Debug|Any CPU
		Release|Any CPU = Release|Any CPU
	EndGlobalSection
	GlobalSection(ProjectConfigurationPlatforms) = postSolution
		{22394439-0B7B-4DBC-AB03-F46D7174DDCB}.Debug|Any CPU.ActiveCfg = Debug|Any CPU
		{22394439-0B7B-4DBC-AB03-F46D7174DDCB}.Debug|Any CPU.Build.0 = Debug|Any CPU
		{22394439-0B7B-4DBC-AB03-F46D7174DDCB}.Release|Any CPU.ActiveCfg = Release|Any CPU
		{22394439-0B7B-4DBC-AB03-F46D7174DDCB}.Release|Any CPU.Build.0 = Release|Any CPU
	EndGlobalSection
	GlobalSection(SolutionProperties) = preSolution
		HideSolutionNode = FALSE
	EndGlobalSection
	GlobalSection(ExtensibilityGlobals) = postSolution
		SolutionGuid = {E36968D9-08AC-4E5A-8265-EBB553436A2E}
	EndGlobalSection
EndGlobal
